
Microsoft Visual Studio Solution File, Format Version 12.00
# Visual Studio 15
VisualStudioVersion = 15.0.28307.168
MinimumVisualStudioVersion = 10.0.40219.1
Project("{FAE04EC0-301F-11D3-BF4B-00C04F79EFBC}") = "CRUD JSON", "CRUD JSON\CRUD JSON.csproj", "{B71FFAD7-ACC3-4F10-B986-24F8F1E58E57}"
EndProject
Global
	GlobalSection(SolutionConfigurationPlatforms) = preSolution
		Debug|Any CPU = Debug|Any CPU
		Release|Any CPU = Release|Any CPU
	EndGlobalSection
	GlobalSection(ProjectConfigurationPlatforms) = postSolution
		{B71FFAD7-ACC3-4F10-B986-24F8F1E58E57}.Debug|Any CPU.ActiveCfg = Debug|Any CPU
		{B71FFAD7-ACC3-4F10-B986-24F8F1E58E57}.Debug|Any CPU.Build.0 = Debug|Any CPU
		{B71FFAD7-ACC3-4F10-B986-24F8F1E58E57}.Release|Any CPU.ActiveCfg = Release|Any CPU
		{B71FFAD7-ACC3-4F10-B986-24F8F1E58E57}.Release|Any CPU.Build.0 = Release|Any CPU
	EndGlobalSection
	GlobalSection(SolutionProperties) = preSolution
		HideSolutionNode = FALSE
	EndGlobalSection
	GlobalSection(ExtensibilityGlobals) = postSolution
		SolutionGuid = {5E0CC6D5-02F3-4536-8AE4-2988B29607B5}
	EndGlobalSection
EndGlobal
